// !$*UTF8*$!
{
	archiveVersion = 1;
	classes = {
	};
	objectVersion = 50;
	objects = {

/* Begin PBXBuildFile section */
		711620E725DFF31900506AA3 /* AppDelegate.swift in Sources */ = {isa = PBXBuildFile; fileRef = 711620E625DFF31900506AA3 /* AppDelegate.swift */; };
		711620E925DFF31900506AA3 /* SceneDelegate.swift in Sources */ = {isa = PBXBuildFile; fileRef = 711620E825DFF31900506AA3 /* SceneDelegate.swift */; };
		711620EB25DFF31900506AA3 /* UserViewController.swift in Sources */ = {isa = PBXBuildFile; fileRef = 711620EA25DFF31900506AA3 /* UserViewController.swift */; };
		711620EE25DFF31900506AA3 /* Main.storyboard in Resources */ = {isa = PBXBuildFile; fileRef = 711620EC25DFF31900506AA3 /* Main.storyboard */; };
		711620F025DFF31B00506AA3 /* Assets.xcassets in Resources */ = {isa = PBXBuildFile; fileRef = 711620EF25DFF31B00506AA3 /* Assets.xcassets */; };
		711620F325DFF31B00506AA3 /* LaunchScreen.storyboard in Resources */ = {isa = PBXBuildFile; fileRef = 711620F125DFF31B00506AA3 /* LaunchScreen.storyboard */; };
		711620FE25DFF5DB00506AA3 /* UserCell.swift in Sources */ = {isa = PBXBuildFile; fileRef = 711620FC25DFF5DB00506AA3 /* UserCell.swift */; };
		711620FF25DFF5DB00506AA3 /* UserCell.xib in Resources */ = {isa = PBXBuildFile; fileRef = 711620FD25DFF5DB00506AA3 /* UserCell.xib */; };
		712256FC25DFFD76008601FB /* User.swift in Sources */ = {isa = PBXBuildFile; fileRef = 712256FB25DFFD76008601FB /* User.swift */; };
		7122570325DFFDBA008601FB /* Service.swift in Sources */ = {isa = PBXBuildFile; fileRef = 7122570225DFFDBA008601FB /* Service.swift */; };
		7122570925DFFDDC008601FB /* UserViewModel.swift in Sources */ = {isa = PBXBuildFile; fileRef = 7122570825DFFDDC008601FB /* UserViewModel.swift */; };
		71DCA01925E045A100B61B15 /* UserDetailsViewController.swift in Sources */ = {isa = PBXBuildFile; fileRef = 71DCA01825E045A100B61B15 /* UserDetailsViewController.swift */; };
		71DCA02225E0C38C00B61B15 /* MVVMPracticeTests.swift in Sources */ = {isa = PBXBuildFile; fileRef = 71DCA02125E0C38C00B61B15 /* MVVMPracticeTests.swift */; };
/* End PBXBuildFile section */

/* Begin PBXContainerItemProxy section */
		71DCA02425E0C38C00B61B15 /* PBXContainerItemProxy */ = {
			isa = PBXContainerItemProxy;
			containerPortal = 711620DB25DFF31900506AA3 /* Project object */;
			proxyType = 1;
			remoteGlobalIDString = 711620E225DFF31900506AA3;
			remoteInfo = MVVMPractice;
		};
/* End PBXContainerItemProxy section */

/* Begin PBXFileReference section */
		711620E325DFF31900506AA3 /* MVVMPractice.app */ = {isa = PBXFileReference; explicitFileType = wrapper.application; includeInIndex = 0; path = MVVMPractice.app; sourceTree = BUILT_PRODUCTS_DIR; };
		711620E625DFF31900506AA3 /* AppDelegate.swift */ = {isa = PBXFileReference; lastKnownFileType = sourcecode.swift; path = AppDelegate.swift; sourceTree = "<group>"; };
		711620E825DFF31900506AA3 /* SceneDelegate.swift */ = {isa = PBXFileReference; lastKnownFileType = sourcecode.swift; path = SceneDelegate.swift; sourceTree = "<group>"; };
		711620EA25DFF31900506AA3 /* UserViewController.swift */ = {isa = PBXFileReference; lastKnownFileType = sourcecode.swift; path = UserViewController.swift; sourceTree = "<group>"; };
		711620ED25DFF31900506AA3 /* Base */ = {isa = PBXFileReference; lastKnownFileType = file.storyboard; name = Base; path = Base.lproj/Main.storyboard; sourceTree = "<group>"; };
		711620EF25DFF31B00506AA3 /* Assets.xcassets */ = {isa = PBXFileReference; lastKnownFileType = folder.assetcatalog; path = Assets.xcassets; sourceTree = "<group>"; };
		711620F225DFF31B00506AA3 /* Base */ = {isa = PBXFileReference; lastKnownFileType = file.storyboard; name = Base; path = Base.lproj/LaunchScreen.storyboard; sourceTree = "<group>"; };
		711620F425DFF31B00506AA3 /* Info.plist */ = {isa = PBXFileReference; lastKnownFileType = text.plist.xml; path = Info.plist; sourceTree = "<group>"; };
		711620FC25DFF5DB00506AA3 /* UserCell.swift */ = {isa = PBXFileReference; lastKnownFileType = sourcecode.swift; path = UserCell.swift; sourceTree = "<group>"; };
		711620FD25DFF5DB00506AA3 /* UserCell.xib */ = {isa = PBXFileReference; lastKnownFileType = file.xib; path = UserCell.xib; sourceTree = "<group>"; };
		712256FB25DFFD76008601FB /* User.swift */ = {isa = PBXFileReference; lastKnownFileType = sourcecode.swift; path = User.swift; sourceTree = "<group>"; };
		7122570225DFFDBA008601FB /* Service.swift */ = {isa = PBXFileReference; lastKnownFileType = sourcecode.swift; path = Service.swift; sourceTree = "<group>"; };
		7122570825DFFDDC008601FB /* UserViewModel.swift */ = {isa = PBXFileReference; lastKnownFileType = sourcecode.swift; path = UserViewModel.swift; sourceTree = "<group>"; };
		71DCA01825E045A100B61B15 /* UserDetailsViewController.swift */ = {isa = PBXFileReference; lastKnownFileType = sourcecode.swift; path = UserDetailsViewController.swift; sourceTree = "<group>"; };
		71DCA01F25E0C38C00B61B15 /* MVVMPracticeTests.xctest */ = {isa = PBXFileReference; explicitFileType = wrapper.cfbundle; includeInIndex = 0; path = MVVMPracticeTests.xctest; sourceTree = BUILT_PRODUCTS_DIR; };
		71DCA02125E0C38C00B61B15 /* MVVMPracticeTests.swift */ = {isa = PBXFileReference; lastKnownFileType = sourcecode.swift; path = MVVMPracticeTests.swift; sourceTree = "<group>"; };
		71DCA02325E0C38C00B61B15 /* Info.plist */ = {isa = PBXFileReference; lastKnownFileType = text.plist.xml; path = Info.plist; sourceTree = "<group>"; };
/* End PBXFileReference section */

/* Begin PBXFrameworksBuildPhase section */
		711620E025DFF31900506AA3 /* Frameworks */ = {
			isa = PBXFrameworksBuildPhase;
			buildActionMask = 2147483647;
			files = (
			);
			runOnlyForDeploymentPostprocessing = 0;
		};
		71DCA01C25E0C38C00B61B15 /* Frameworks */ = {
			isa = PBXFrameworksBuildPhase;
			buildActionMask = 2147483647;
			files = (
			);
			runOnlyForDeploymentPostprocessing = 0;
		};
/* End PBXFrameworksBuildPhase section */

/* Begin PBXGroup section */
		711620DA25DFF31900506AA3 = {
			isa = PBXGroup;
			children = (
				711620E525DFF31900506AA3 /* MVVMPractice */,
				71DCA02025E0C38C00B61B15 /* MVVMPracticeTests */,
				711620E425DFF31900506AA3 /* Products */,
			);
			sourceTree = "<group>";
		};
		711620E425DFF31900506AA3 /* Products */ = {
			isa = PBXGroup;
			children = (
				711620E325DFF31900506AA3 /* MVVMPractice.app */,
				71DCA01F25E0C38C00B61B15 /* MVVMPracticeTests.xctest */,
			);
			name = Products;
			sourceTree = "<group>";
		};
		711620E525DFF31900506AA3 /* MVVMPractice */ = {
			isa = PBXGroup;
			children = (
				712256FF25DFFD7A008601FB /* Models */,
				7116210125DFF5E300506AA3 /* Views */,
				712256F725DFFD3F008601FB /* Controllers */,
				7122570C25DFFDE4008601FB /* ViewModels */,
				7122570625DFFDBE008601FB /* Service */,
				712256F925DFFD55008601FB /* SupportingFiles */,
				711620EF25DFF31B00506AA3 /* Assets.xcassets */,
				711620F125DFF31B00506AA3 /* LaunchScreen.storyboard */,
				711620F425DFF31B00506AA3 /* Info.plist */,
			);
			path = MVVMPractice;
			sourceTree = "<group>";
		};
		7116210125DFF5E300506AA3 /* Views */ = {
			isa = PBXGroup;
			children = (
				711620EC25DFF31900506AA3 /* Main.storyboard */,
				711620FD25DFF5DB00506AA3 /* UserCell.xib */,
				711620FC25DFF5DB00506AA3 /* UserCell.swift */,
			);
			path = Views;
			sourceTree = "<group>";
		};
		712256F725DFFD3F008601FB /* Controllers */ = {
			isa = PBXGroup;
			children = (
				711620EA25DFF31900506AA3 /* UserViewController.swift */,
				71DCA01825E045A100B61B15 /* UserDetailsViewController.swift */,
			);
			path = Controllers;
			sourceTree = "<group>";
		};
		712256F925DFFD55008601FB /* SupportingFiles */ = {
			isa = PBXGroup;
			children = (
				711620E625DFF31900506AA3 /* AppDelegate.swift */,
				711620E825DFF31900506AA3 /* SceneDelegate.swift */,
			);
			path = SupportingFiles;
			sourceTree = "<group>";
		};
		712256FF25DFFD7A008601FB /* Models */ = {
			isa = PBXGroup;
			children = (
				712256FB25DFFD76008601FB /* User.swift */,
			);
			path = Models;
			sourceTree = "<group>";
		};
		7122570625DFFDBE008601FB /* Service */ = {
			isa = PBXGroup;
			children = (
				7122570225DFFDBA008601FB /* Service.swift */,
			);
			path = Service;
			sourceTree = "<group>";
		};
		7122570C25DFFDE4008601FB /* ViewModels */ = {
			isa = PBXGroup;
			children = (
				7122570825DFFDDC008601FB /* UserViewModel.swift */,
			);
			path = ViewModels;
			sourceTree = "<group>";
		};
		71DCA02025E0C38C00B61B15 /* MVVMPracticeTests */ = {
			isa = PBXGroup;
			children = (
				71DCA02125E0C38C00B61B15 /* MVVMPracticeTests.swift */,
				71DCA02325E0C38C00B61B15 /* Info.plist */,
			);
			path = MVVMPracticeTests;
			sourceTree = "<group>";
		};
/* End PBXGroup section */

/* Begin PBXNativeTarget section */
		711620E225DFF31900506AA3 /* MVVMPractice */ = {
			isa = PBXNativeTarget;
			buildConfigurationList = 711620F725DFF31B00506AA3 /* Build configuration list for PBXNativeTarget "MVVMPractice" */;
			buildPhases = (
				711620DF25DFF31900506AA3 /* Sources */,
				711620E025DFF31900506AA3 /* Frameworks */,
				711620E125DFF31900506AA3 /* Resources */,
			);
			buildRules = (
			);
			dependencies = (
			);
			name = MVVMPractice;
			productName = MVVMPractice;
			productReference = 711620E325DFF31900506AA3 /* MVVMPractice.app */;
			productType = "com.apple.product-type.application";
		};
		71DCA01E25E0C38C00B61B15 /* MVVMPracticeTests */ = {
			isa = PBXNativeTarget;
			buildConfigurationList = 71DCA02825E0C38C00B61B15 /* Build configuration list for PBXNativeTarget "MVVMPracticeTests" */;
			buildPhases = (
				71DCA01B25E0C38C00B61B15 /* Sources */,
				71DCA01C25E0C38C00B61B15 /* Frameworks */,
				71DCA01D25E0C38C00B61B15 /* Resources */,
			);
			buildRules = (
			);
			dependencies = (
				71DCA02525E0C38C00B61B15 /* PBXTargetDependency */,
			);
			name = MVVMPracticeTests;
			productName = MVVMPracticeTests;
			productReference = 71DCA01F25E0C38C00B61B15 /* MVVMPracticeTests.xctest */;
			productType = "com.apple.product-type.bundle.unit-test";
		};
/* End PBXNativeTarget section */

/* Begin PBXProject section */
		711620DB25DFF31900506AA3 /* Project object */ = {
			isa = PBXProject;
			attributes = {
				LastSwiftUpdateCheck = 1240;
				LastUpgradeCheck = 1240;
				TargetAttributes = {
					711620E225DFF31900506AA3 = {
						CreatedOnToolsVersion = 12.4;
					};
					71DCA01E25E0C38C00B61B15 = {
						CreatedOnToolsVersion = 12.4;
						TestTargetID = 711620E225DFF31900506AA3;
					};
				};
			};
			buildConfigurationList = 711620DE25DFF31900506AA3 /* Build configuration list for PBXProject "MVVMPractice" */;
			compatibilityVersion = "Xcode 9.3";
			developmentRegion = en;
			hasScannedForEncodings = 0;
			knownRegions = (
				en,
				Base,
			);
			mainGroup = 711620DA25DFF31900506AA3;
			productRefGroup = 711620E425DFF31900506AA3 /* Products */;
			projectDirPath = "";
			projectRoot = "";
			targets = (
				711620E225DFF31900506AA3 /* MVVMPractice */,
				71DCA01E25E0C38C00B61B15 /* MVVMPracticeTests */,
			);
		};
/* End PBXProject section */

/* Begin PBXResourcesBuildPhase section */
		711620E125DFF31900506AA3 /* Resources */ = {
			isa = PBXResourcesBuildPhase;
			buildActionMask = 2147483647;
			files = (
				711620FF25DFF5DB00506AA3 /* UserCell.xib in Resources */,
				711620F325DFF31B00506AA3 /* LaunchScreen.storyboard in Resources */,
				711620F025DFF31B00506AA3 /* Assets.xcassets in Resources */,
				711620EE25DFF31900506AA3 /* Main.storyboard in Resources */,
			);
			runOnlyForDeploymentPostprocessing = 0;
		};
		71DCA01D25E0C38C00B61B15 /* Resources */ = {
			isa = PBXResourcesBuildPhase;
			buildActionMask = 2147483647;
			files = (
			);
			runOnlyForDeploymentPostprocessing = 0;
		};
/* End PBXResourcesBuildPhase section */

/* Begin PBXSourcesBuildPhase section */
		711620DF25DFF31900506AA3 /* Sources */ = {
			isa = PBXSourcesBuildPhase;
			buildActionMask = 2147483647;
			files = (
				712256FC25DFFD76008601FB /* User.swift in Sources */,
				711620FE25DFF5DB00506AA3 /* UserCell.swift in Sources */,
				711620EB25DFF31900506AA3 /* UserViewController.swift in Sources */,
				711620E725DFF31900506AA3 /* AppDelegate.swift in Sources */,
				711620E925DFF31900506AA3 /* SceneDelegate.swift in Sources */,
				7122570925DFFDDC008601FB /* UserViewModel.swift in Sources */,
				71DCA01925E045A100B61B15 /* UserDetailsViewController.swift in Sources */,
				7122570325DFFDBA008601FB /* Service.swift in Sources */,
			);
			runOnlyForDeploymentPostprocessing = 0;
		};
		71DCA01B25E0C38C00B61B15 /* Sources */ = {
			isa = PBXSourcesBuildPhase;
			buildActionMask = 2147483647;
			files = (
				71DCA02225E0C38C00B61B15 /* MVVMPracticeTests.swift in Sources */,
			);
			runOnlyForDeploymentPostprocessing = 0;
		};
/* End PBXSourcesBuildPhase section */

/* Begin PBXTargetDependency section */
		71DCA02525E0C38C00B61B15 /* PBXTargetDependency */ = {
			isa = PBXTargetDependency;
			target = 711620E225DFF31900506AA3 /* MVVMPractice */;
			targetProxy = 71DCA02425E0C38C00B61B15 /* PBXContainerItemProxy */;
		};
/* End PBXTargetDependency section */

/* Begin PBXVariantGroup section */
		711620EC25DFF31900506AA3 /* Main.storyboard */ = {
			isa = PBXVariantGroup;
			children = (
				711620ED25DFF31900506AA3 /* Base */,
			);
			name = Main.storyboard;
			sourceTree = "<group>";
		};
		711620F125DFF31B00506AA3 /* LaunchScreen.storyboard */ = {
			isa = PBXVariantGroup;
			children = (
				711620F225DFF31B00506AA3 /* Base */,
			);
			name = LaunchScreen.storyboard;
			sourceTree = "<group>";
		};
/* End PBXVariantGroup section */

/* Begin XCBuildConfiguration section */
		711620F525DFF31B00506AA3 /* Debug */ = {
			isa = XCBuildConfiguration;
			buildSettings = {
				ALWAYS_SEARCH_USER_PATHS = NO;
				CLANG_ANALYZER_NONNULL = YES;
				CLANG_ANALYZER_NUMBER_OBJECT_CONVERSION = YES_AGGRESSIVE;
				CLANG_CXX_LANGUAGE_STANDARD = "gnu++14";
				CLANG_CXX_LIBRARY = "libc++";
				CLANG_ENABLE_MODULES = YES;
				CLANG_ENABLE_OBJC_ARC = YES;
				CLANG_ENABLE_OBJC_WEAK = YES;
				CLANG_WARN_BLOCK_CAPTURE_AUTORELEASING = YES;
				CLANG_WARN_BOOL_CONVERSION = YES;
				CLANG_WARN_COMMA = YES;
				CLANG_WARN_CONSTANT_CONVERSION = YES;
				CLANG_WARN_DEPRECATED_OBJC_IMPLEMENTATIONS = YES;
				CLANG_WARN_DIRECT_OBJC_ISA_USAGE = YES_ERROR;
				CLANG_WARN_DOCUMENTATION_COMMENTS = YES;
				CLANG_WARN_EMPTY_BODY = YES;
				CLANG_WARN_ENUM_CONVERSION = YES;
				CLANG_WARN_INFINITE_RECURSION = YES;
				CLANG_WARN_INT_CONVERSION = YES;
				CLANG_WARN_NON_LITERAL_NULL_CONVERSION = YES;
				CLANG_WARN_OBJC_IMPLICIT_RETAIN_SELF = YES;
				CLANG_WARN_OBJC_LITERAL_CONVERSION = YES;
				CLANG_WARN_OBJC_ROOT_CLASS = YES_ERROR;
				CLANG_WARN_QUOTED_INCLUDE_IN_FRAMEWORK_HEADER = YES;
				CLANG_WARN_RANGE_LOOP_ANALYSIS = YES;
				CLANG_WARN_STRICT_PROTOTYPES = YES;
				CLANG_WARN_SUSPICIOUS_MOVE = YES;
				CLANG_WARN_UNGUARDED_AVAILABILITY = YES_AGGRESSIVE;
				CLANG_WARN_UNREACHABLE_CODE = YES;
				CLANG_WARN__DUPLICATE_METHOD_MATCH = YES;
				COPY_PHASE_STRIP = NO;
				DEBUG_INFORMATION_FORMAT = dwarf;
				ENABLE_STRICT_OBJC_MSGSEND = YES;
				ENABLE_TESTABILITY = YES;
				GCC_C_LANGUAGE_STANDARD = gnu11;
				GCC_DYNAMIC_NO_PIC = NO;
				GCC_NO_COMMON_BLOCKS = YES;
				GCC_OPTIMIZATION_LEVEL = 0;
				GCC_PREPROCESSOR_DEFINITIONS = (
					"DEBUG=1",
					"$(inherited)",
				);
				GCC_WARN_64_TO_32_BIT_CONVERSION = YES;
				GCC_WARN_ABOUT_RETURN_TYPE = YES_ERROR;
				GCC_WARN_UNDECLARED_SELECTOR = YES;
				GCC_WARN_UNINITIALIZED_AUTOS = YES_AGGRESSIVE;
				GCC_WARN_UNUSED_FUNCTION = YES;
				GCC_WARN_UNUSED_VARIABLE = YES;
				IPHONEOS_DEPLOYMENT_TARGET = 14.4;
				MTL_ENABLE_DEBUG_INFO = INCLUDE_SOURCE;
				MTL_FAST_MATH = YES;
				ONLY_ACTIVE_ARCH = YES;
				SDKROOT = iphoneos;
				SWIFT_ACTIVE_COMPILATION_CONDITIONS = DEBUG;
				SWIFT_OPTIMIZATION_LEVEL = "-Onone";
			};
			name = Debug;
		};
		711620F625DFF31B00506AA3 /* Release */ = {
			isa = XCBuildConfiguration;
			buildSettings = {
				ALWAYS_SEARCH_USER_PATHS = NO;
				CLANG_ANALYZER_NONNULL = YES;
				CLANG_ANALYZER_NUMBER_OBJECT_CONVERSION = YES_AGGRESSIVE;
				CLANG_CXX_LANGUAGE_STANDARD = "gnu++14";
				CLANG_CXX_LIBRARY = "libc++";
				CLANG_ENABLE_MODULES = YES;
				CLANG_ENABLE_OBJC_ARC = YES;
				CLANG_ENABLE_OBJC_WEAK = YES;
				CLANG_WARN_BLOCK_CAPTURE_AUTORELEASING = YES;
				CLANG_WARN_BOOL_CONVERSION = YES;
				CLANG_WARN_COMMA = YES;
				CLANG_WARN_CONSTANT_CONVERSION = YES;
				CLANG_WARN_DEPRECATED_OBJC_IMPLEMENTATIONS = YES;
				CLANG_WARN_DIRECT_OBJC_ISA_USAGE = YES_ERROR;
				CLANG_WARN_DOCUMENTATION_COMMENTS = YES;
				CLANG_WARN_EMPTY_BODY = YES;
				CLANG_WARN_ENUM_CONVERSION = YES;
				CLANG_WARN_INFINITE_RECURSION = YES;
				CLANG_WARN_INT_CONVERSION = YES;
				CLANG_WARN_NON_LITERAL_NULL_CONVERSION = YES;
				CLANG_WARN_OBJC_IMPLICIT_RETAIN_SELF = YES;
				CLANG_WARN_OBJC_LITERAL_CONVERSION = YES;
				CLANG_WARN_OBJC_ROOT_CLASS = YES_ERROR;
				CLANG_WARN_QUOTED_INCLUDE_IN_FRAMEWORK_HEADER = YES;
				CLANG_WARN_RANGE_LOOP_ANALYSIS = YES;
				CLANG_WARN_STRICT_PROTOTYPES = YES;
				CLANG_WARN_SUSPICIOUS_MOVE = YES;
				CLANG_WARN_UNGUARDED_AVAILABILITY = YES_AGGRESSIVE;
				CLANG_WARN_UNREACHABLE_CODE = YES;
				CLANG_WARN__DUPLICATE_METHOD_MATCH = YES;
				COPY_PHASE_STRIP = NO;
				DEBUG_INFORMATION_FORMAT = "dwarf-with-dsym";
				ENABLE_NS_ASSERTIONS = NO;
				ENABLE_STRICT_OBJC_MSGSEND = YES;
				GCC_C_LANGUAGE_STANDARD = gnu11;
				GCC_NO_COMMON_BLOCKS = YES;
				GCC_WARN_64_TO_32_BIT_CONVERSION = YES;
				GCC_WARN_ABOUT_RETURN_TYPE = YES_ERROR;
				GCC_WARN_UNDECLARED_SELECTOR = YES;
				GCC_WARN_UNINITIALIZED_AUTOS = YES_AGGRESSIVE;
				GCC_WARN_UNUSED_FUNCTION = YES;
				GCC_WARN_UNUSED_VARIABLE = YES;
				IPHONEOS_DEPLOYMENT_TARGET = 14.4;
				MTL_ENABLE_DEBUG_INFO = NO;
				MTL_FAST_MATH = YES;
				SDKROOT = iphoneos;
				SWIFT_COMPILATION_MODE = wholemodule;
				SWIFT_OPTIMIZATION_LEVEL = "-O";
				VALIDATE_PRODUCT = YES;
			};
			name = Release;
		};
		711620F825DFF31B00506AA3 /* Debug */ = {
			isa = XCBuildConfiguration;
			buildSettings = {
				ASSETCATALOG_COMPILER_APPICON_NAME = AppIcon;
				ASSETCATALOG_COMPILER_GLOBAL_ACCENT_COLOR_NAME = AccentColor;
				CODE_SIGN_STYLE = Automatic;
				DEVELOPMENT_TEAM = 84CQ53NU5S;
				INFOPLIST_FILE = MVVMPractice/Info.plist;
				LD_RUNPATH_SEARCH_PATHS = (
					"$(inherited)",
					"@executable_path/Frameworks",
				);
				PRODUCT_BUNDLE_IDENTIFIER = com.pk.MVVMPractice;
				PRODUCT_NAME = "$(TARGET_NAME)";
				SWIFT_VERSION = 5.0;
				TARGETED_DEVICE_FAMILY = "1,2";
			};
			name = Debug;
		};
		711620F925DFF31B00506AA3 /* Release */ = {
			isa = XCBuildConfiguration;
			buildSettings = {
				ASSETCATALOG_COMPILER_APPICON_NAME = AppIcon;
				ASSETCATALOG_COMPILER_GLOBAL_ACCENT_COLOR_NAME = AccentColor;
				CODE_SIGN_STYLE = Automatic;
				DEVELOPMENT_TEAM = 84CQ53NU5S;
				INFOPLIST_FILE = MVVMPractice/Info.plist;
				LD_RUNPATH_SEARCH_PATHS = (
					"$(inherited)",
					"@executable_path/Frameworks",
				);
				PRODUCT_BUNDLE_IDENTIFIER = com.pk.MVVMPractice;
				PRODUCT_NAME = "$(TARGET_NAME)";
				SWIFT_VERSION = 5.0;
				TARGETED_DEVICE_FAMILY = "1,2";
			};
			name = Release;
		};
		71DCA02625E0C38C00B61B15 /* Debug */ = {
			isa = XCBuildConfiguration;
			buildSettings = {
				BUNDLE_LOADER = "$(TEST_HOST)";
				CODE_SIGN_STYLE = Automatic;
				DEVELOPMENT_TEAM = 84CQ53NU5S;
				INFOPLIST_FILE = MVVMPracticeTests/Info.plist;
				LD_RUNPATH_SEARCH_PATHS = (
					"$(inherited)",
					"@executable_path/Frameworks",
					"@loader_path/Frameworks",
				);
				PRODUCT_BUNDLE_IDENTIFIER = com.pk.MVVMPracticeTests;
				PRODUCT_NAME = "$(TARGET_NAME)";
				SWIFT_VERSION = 5.0;
				TARGETED_DEVICE_FAMILY = "1,2";
				TEST_HOST = "$(BUILT_PRODUCTS_DIR)/MVVMPractice.app/MVVMPractice";
			};
			name = Debug;
		};
		71DCA02725E0C38C00B61B15 /* Release */ = {
			isa = XCBuildConfiguration;
			buildSettings = {
				BUNDLE_LOADER = "$(TEST_HOST)";
				CODE_SIGN_STYLE = Automatic;
				DEVELOPMENT_TEAM = 84CQ53NU5S;
				INFOPLIST_FILE = MVVMPracticeTests/Info.plist;
				LD_RUNPATH_SEARCH_PATHS = (
					"$(inherited)",
					"@executable_path/Frameworks",
					"@loader_path/Frameworks",
				);
				PRODUCT_BUNDLE_IDENTIFIER = com.pk.MVVMPracticeTests;
				PRODUCT_NAME = "$(TARGET_NAME)";
				SWIFT_VERSION = 5.0;
				TARGETED_DEVICE_FAMILY = "1,2";
				TEST_HOST = "$(BUILT_PRODUCTS_DIR)/MVVMPractice.app/MVVMPractice";
			};
			name = Release;
		};
/* End XCBuildConfiguration section */

/* Begin XCConfigurationList section */
		711620DE25DFF31900506AA3 /* Build configuration list for PBXProject "MVVMPractice" */ = {
			isa = XCConfigurationList;
			buildConfigurations = (
				711620F525DFF31B00506AA3 /* Debug */,
				711620F625DFF31B00506AA3 /* Release */,
			);
			defaultConfigurationIsVisible = 0;
			defaultConfigurationName = Release;
		};
		711620F725DFF31B00506AA3 /* Build configuration list for PBXNativeTarget "MVVMPractice" */ = {
			isa = XCConfigurationList;
			buildConfigurations = (
				711620F825DFF31B00506AA3 /* Debug */,
				711620F925DFF31B00506AA3 /* Release */,
			);
			defaultConfigurationIsVisible = 0;
			defaultConfigurationName = Release;
		};
		71DCA02825E0C38C00B61B15 /* Build configuration list for PBXNativeTarget "MVVMPracticeTests" */ = {
			isa = XCConfigurationList;
			buildConfigurations = (
				71DCA02625E0C38C00B61B15 /* Debug */,
				71DCA02725E0C38C00B61B15 /* Release */,
			);
			defaultConfigurationIsVisible = 0;
			defaultConfigurationName = Release;
		};
/* End XCConfigurationList section */
	};
	rootObject = 711620DB25DFF31900506AA3 /* Project object */;
}
